
Microsoft Visual Studio Solution File, Format Version 12.00
# Visual Studio Version 17
VisualStudioVersion = 17.8.34511.84
MinimumVisualStudioVersion = 10.0.40219.1
Project("{9A19103F-16F7-4668-BE54-9A1E7A4F7556}") = "Core", "Core\Core.csproj", "{E94A662A-9F30-4DF5-AF1F-6AEA6E348A2C}"
EndProject
Project("{2150E333-8FDC-42A3-9474-1A3956D46DE8}") = "Solution Items", "Solution Items", "{CC62D1F3-6BCB-4CF3-BB31-6662D52D179A}"
	ProjectSection(SolutionItems) = preProject
		.gitignore = .gitignore
	EndProjectSection
EndProject
Project("{9A19103F-16F7-4668-BE54-9A1E7A4F7556}") = "FlatFileStore", "FlatFileStore\FlatFileStore.csproj", "{4B6B07EA-2E4D-4CBE-BED1-EE3BDBB9B741}"
EndProject
Project("{9A19103F-16F7-4668-BE54-9A1E7A4F7556}") = "TestFlatFileStore", "TestFlatFileStore\TestFlatFileStore.csproj", "{C25A9B29-96EC-478F-AE1B-B1223CEE69B5}"
EndProject
Project("{FAE04EC0-301F-11D3-BF4B-00C04F79EFBC}") = "FirstUI", "FirstUI\FirstUI.csproj", "{E3FCDCB6-705E-4498-B935-CF4436397C03}"
EndProject
Global
	GlobalSection(SolutionConfigurationPlatforms) = preSolution
		Debug|Any CPU = Debug|Any CPU
		Release|Any CPU = Release|Any CPU
	EndGlobalSection
	GlobalSection(ProjectConfigurationPlatforms) = postSolution
		{E94A662A-9F30-4DF5-AF1F-6AEA6E348A2C}.Debug|Any CPU.ActiveCfg = Debug|Any CPU
		{E94A662A-9F30-4DF5-AF1F-6AEA6E348A2C}.Debug|Any CPU.Build.0 = Debug|Any CPU
		{E94A662A-9F30-4DF5-AF1F-6AEA6E348A2C}.Release|Any CPU.ActiveCfg = Release|Any CPU
		{E94A662A-9F30-4DF5-AF1F-6AEA6E348A2C}.Release|Any CPU.Build.0 = Release|Any CPU
		{4B6B07EA-2E4D-4CBE-BED1-EE3BDBB9B741}.Debug|Any CPU.ActiveCfg = Debug|Any CPU
		{4B6B07EA-2E4D-4CBE-BED1-EE3BDBB9B741}.Debug|Any CPU.Build.0 = Debug|Any CPU
		{4B6B07EA-2E4D-4CBE-BED1-EE3BDBB9B741}.Release|Any CPU.ActiveCfg = Release|Any CPU
		{4B6B07EA-2E4D-4CBE-BED1-EE3BDBB9B741}.Release|Any CPU.Build.0 = Release|Any CPU
		{C25A9B29-96EC-478F-AE1B-B1223CEE69B5}.Debug|Any CPU.ActiveCfg = Debug|Any CPU
		{C25A9B29-96EC-478F-AE1B-B1223CEE69B5}.Debug|Any CPU.Build.0 = Debug|Any CPU
		{C25A9B29-96EC-478F-AE1B-B1223CEE69B5}.Release|Any CPU.ActiveCfg = Release|Any CPU
		{C25A9B29-96EC-478F-AE1B-B1223CEE69B5}.Release|Any CPU.Build.0 = Release|Any CPU
		{E3FCDCB6-705E-4498-B935-CF4436397C03}.Debug|Any CPU.ActiveCfg = Debug|Any CPU
		{E3FCDCB6-705E-4498-B935-CF4436397C03}.Debug|Any CPU.Build.0 = Debug|Any CPU
		{E3FCDCB6-705E-4498-B935-CF4436397C03}.Release|Any CPU.ActiveCfg = Release|Any CPU
		{E3FCDCB6-705E-4498-B935-CF4436397C03}.Release|Any CPU.Build.0 = Release|Any CPU
	EndGlobalSection
	GlobalSection(SolutionProperties) = preSolution
		HideSolutionNode = FALSE
	EndGlobalSection
	GlobalSection(ExtensibilityGlobals) = postSolution
		SolutionGuid = {7976D58D-23EF-43FE-8BBB-F95301D7BEC5}
	EndGlobalSection
EndGlobal
